
Microsoft Visual Studio Solution File, Format Version 11.00
# Visual Studio 2010
Project("{FAE04EC0-301F-11D3-BF4B-00C04F79EFBC}") = "Assembly-CSharp", "Assembly-CSharp.csproj", "{d4639d2f-76f5-a455-1463-c4dc0a611b06}"
EndProject
Project("{FAE04EC0-301F-11D3-BF4B-00C04F79EFBC}") = "Unity.PlayerPrefsEditor.Samples.SampleScene", "Unity.PlayerPrefsEditor.Samples.SampleScene.csproj", "{707de2ab-6b8d-29f9-5894-e56d3377d794}"
EndProject
Project("{FAE04EC0-301F-11D3-BF4B-00C04F79EFBC}") = "Unity.PlayerPrefsEditor.Editor", "Unity.PlayerPrefsEditor.Editor.csproj", "{22c58937-ca63-d75f-9041-6903ab927a6c}"
EndProject
Project("{FAE04EC0-301F-11D3-BF4B-00C04F79EFBC}") = "Unity.PlayerPrefsEditor.EditorResources", "Unity.PlayerPrefsEditor.EditorResources.csproj", "{5c215dde-1fac-7755-a90f-01223ba71bde}"
EndProject
Global
	GlobalSection(SolutionConfigurationPlatforms) = preSolution
		Debug|Any CPU = Debug|Any CPU
	EndGlobalSection
	GlobalSection(ProjectConfigurationPlatforms) = postSolution
		{d4639d2f-76f5-a455-1463-c4dc0a611b06}.Debug|Any CPU.ActiveCfg = Debug|Any CPU
		{d4639d2f-76f5-a455-1463-c4dc0a611b06}.Debug|Any CPU.Build.0 = Debug|Any CPU
		{707de2ab-6b8d-29f9-5894-e56d3377d794}.Debug|Any CPU.ActiveCfg = Debug|Any CPU
		{707de2ab-6b8d-29f9-5894-e56d3377d794}.Debug|Any CPU.Build.0 = Debug|Any CPU
		{22c58937-ca63-d75f-9041-6903ab927a6c}.Debug|Any CPU.ActiveCfg = Debug|Any CPU
		{22c58937-ca63-d75f-9041-6903ab927a6c}.Debug|Any CPU.Build.0 = Debug|Any CPU
		{5c215dde-1fac-7755-a90f-01223ba71bde}.Debug|Any CPU.ActiveCfg = Debug|Any CPU
		{5c215dde-1fac-7755-a90f-01223ba71bde}.Debug|Any CPU.Build.0 = Debug|Any CPU
	EndGlobalSection
	GlobalSection(SolutionProperties) = preSolution
		HideSolutionNode = FALSE
	EndGlobalSection
EndGlobal
